
Microsoft Visual Studio Solution File, Format Version 12.00
# Visual Studio Version 17
VisualStudioVersion = 17.3.32929.385
MinimumVisualStudioVersion = 10.0.40219.1
Project("{FAE04EC0-301F-11D3-BF4B-00C04F79EFBC}") = "Abarroteria", "Abarroteria\Abarroteria.csproj", "{E0690EF0-F14C-4561-A946-01692C7E4EEE}"
EndProject
Global
	GlobalSection(SolutionConfigurationPlatforms) = preSolution
		Debug|Any CPU = Debug|Any CPU
		Release|Any CPU = Release|Any CPU
	EndGlobalSection
	GlobalSection(ProjectConfigurationPlatforms) = postSolution
		{E0690EF0-F14C-4561-A946-01692C7E4EEE}.Debug|Any CPU.ActiveCfg = Debug|Any CPU
		{E0690EF0-F14C-4561-A946-01692C7E4EEE}.Debug|Any CPU.Build.0 = Debug|Any CPU
		{E0690EF0-F14C-4561-A946-01692C7E4EEE}.Release|Any CPU.ActiveCfg = Release|Any CPU
		{E0690EF0-F14C-4561-A946-01692C7E4EEE}.Release|Any CPU.Build.0 = Release|Any CPU
	EndGlobalSection
	GlobalSection(SolutionProperties) = preSolution
		HideSolutionNode = FALSE
	EndGlobalSection
	GlobalSection(ExtensibilityGlobals) = postSolution
		SolutionGuid = {02365DFC-B8D3-4324-A7DE-B3D124364B0D}
	EndGlobalSection
EndGlobal
